
Microsoft Visual Studio Solution File, Format Version 12.00
# Visual Studio Version 17
VisualStudioVersion = 17.9.34622.214
MinimumVisualStudioVersion = 10.0.40219.1
Project("{FAE04EC0-301F-11D3-BF4B-00C04F79EFBC}") = "Task-WindowsFormCalculator", "Task-WindowsFormCalculator.csproj", "{8D5F7B2B-C215-4F0F-A9D9-2D9937665BC2}"
EndProject
Global
	GlobalSection(SolutionConfigurationPlatforms) = preSolution
		Debug|Any CPU = Debug|Any CPU
		Release|Any CPU = Release|Any CPU
	EndGlobalSection
	GlobalSection(ProjectConfigurationPlatforms) = postSolution
		{8D5F7B2B-C215-4F0F-A9D9-2D9937665BC2}.Debug|Any CPU.ActiveCfg = Debug|Any CPU
		{8D5F7B2B-C215-4F0F-A9D9-2D9937665BC2}.Debug|Any CPU.Build.0 = Debug|Any CPU
		{8D5F7B2B-C215-4F0F-A9D9-2D9937665BC2}.Release|Any CPU.ActiveCfg = Release|Any CPU
		{8D5F7B2B-C215-4F0F-A9D9-2D9937665BC2}.Release|Any CPU.Build.0 = Release|Any CPU
	EndGlobalSection
	GlobalSection(SolutionProperties) = preSolution
		HideSolutionNode = FALSE
	EndGlobalSection
	GlobalSection(ExtensibilityGlobals) = postSolution
		SolutionGuid = {493391D7-E47E-463E-82A3-C585397EAE90}
	EndGlobalSection
EndGlobal
